Microsoft Visual Studio Solution File, Format Version 12.00
# Visual Studio Version 17
VisualStudioVersion = 17.13.35825.156
MinimumVisualStudioVersion = 10.0.40219.1
Project("{FAE04EC0-301F-11D3-BF4B-00C04F79EFBC}") = "ProjetoViraPagina", "ProjetoViraPagina\ProjetoViraPagina.csproj", "{2FE3AEA7-FA09-BD22-A683-AFAE61C2AEAE}"
EndProject
Global
	GlobalSection(SolutionConfigurationPlatforms) = preSolution
		Debug|Any CPU = Debug|Any CPU
		Release|Any CPU = Release|Any CPU
	EndGlobalSection
	GlobalSection(ProjectConfigurationPlatforms) = postSolution
		{2FE3AEA7-FA09-BD22-A683-AFAE61C2AEAE}.Debug|Any CPU.ActiveCfg = Debug|Any CPU
		{2FE3AEA7-FA09-BD22-A683-AFAE61C2AEAE}.Debug|Any CPU.Build.0 = Debug|Any CPU
		{2FE3AEA7-FA09-BD22-A683-AFAE61C2AEAE}.Release|Any CPU.ActiveCfg = Release|Any CPU
		{2FE3AEA7-FA09-BD22-A683-AFAE61C2AEAE}.Release|Any CPU.Build.0 = Release|Any CPU
	EndGlobalSection
	GlobalSection(SolutionProperties) = preSolution
		HideSolutionNode = FALSE
	EndGlobalSection
	GlobalSection(ExtensibilityGlobals) = postSolution
		SolutionGuid = {A71B8824-2308-49AE-B52C-5D5E771A4612}
	EndGlobalSection
EndGlobal
